// !$*UTF8*$!
{
	archiveVersion = 1;
	classes = {
	};
	objectVersion = 56;
	objects = {

/* Begin PBXBuildFile section */
		00420E2C2B0AFD2E005DA91E /* SnapKit in Frameworks */ = {isa = PBXBuildFile; productRef = 00420E2B2B0AFD2E005DA91E /* SnapKit */; };
		00420E2E2B0AFD2E005DA91E /* SnapKit-Dynamic in Frameworks */ = {isa = PBXBuildFile; productRef = 00420E2D2B0AFD2E005DA91E /* SnapKit-Dynamic */; };
		00420E312B0AFD36005DA91E /* Then in Frameworks */ = {isa = PBXBuildFile; productRef = 00420E302B0AFD36005DA91E /* Then */; };
		00420E342B0AFF19005DA91E /* Tabman in Frameworks */ = {isa = PBXBuildFile; productRef = 00420E332B0AFF19005DA91E /* Tabman */; };
		004E82172ADC3A0D008229AB /* TabBarController.swift in Sources */ = {isa = PBXBuildFile; fileRef = 004E82162ADC3A0D008229AB /* TabBarController.swift */; };
		004E821D2ADC3C81008229AB /* HomeVC.swift in Sources */ = {isa = PBXBuildFile; fileRef = 004E821C2ADC3C81008229AB /* HomeVC.swift */; };
		004E821F2ADC3CD9008229AB /* MyVideosVC.swift in Sources */ = {isa = PBXBuildFile; fileRef = 004E821E2ADC3CD9008229AB /* MyVideosVC.swift */; };
		004E82212ADC3CF0008229AB /* CommunityVC.swift in Sources */ = {isa = PBXBuildFile; fileRef = 004E82202ADC3CF0008229AB /* CommunityVC.swift */; };
		004E82252ADC4878008229AB /* MyPageVC.swift in Sources */ = {isa = PBXBuildFile; fileRef = 004E82242ADC4878008229AB /* MyPageVC.swift */; };
		005AFD482B1CB00C0001A034 /* PostVC.swift in Sources */ = {isa = PBXBuildFile; fileRef = 005AFD472B1CB00C0001A034 /* PostVC.swift */; };
		005AFD502B1CBD170001A034 /* PostTVC.swift in Sources */ = {isa = PBXBuildFile; fileRef = 005AFD4F2B1CBD170001A034 /* PostTVC.swift */; };
		005AFD542B1CC4F90001A034 /* CustomPostTVC.swift in Sources */ = {isa = PBXBuildFile; fileRef = 005AFD532B1CC4F90001A034 /* CustomPostTVC.swift */; };
		005AFD562B1CC5060001A034 /* CustomCommentTVC.swift in Sources */ = {isa = PBXBuildFile; fileRef = 005AFD552B1CC5060001A034 /* CustomCommentTVC.swift */; };
		005AFD582B1CEB670001A034 /* CustomPost.swift in Sources */ = {isa = PBXBuildFile; fileRef = 005AFD572B1CEB670001A034 /* CustomPost.swift */; };
		005AFD5A2B1CF52C0001A034 /* CustomComment.swift in Sources */ = {isa = PBXBuildFile; fileRef = 005AFD592B1CF52C0001A034 /* CustomComment.swift */; };
		007010222ACABDB800FD6736 /* ChangePasswordVC1.swift in Sources */ = {isa = PBXBuildFile; fileRef = 007010212ACABDB800FD6736 /* ChangePasswordVC1.swift */; };
		007010242ACABE1D00FD6736 /* ChangePasswordVC2.swift in Sources */ = {isa = PBXBuildFile; fileRef = 007010232ACABE1D00FD6736 /* ChangePasswordVC2.swift */; };
		007010262ACABE3E00FD6736 /* ChangePasswordSuccessVC.swift in Sources */ = {isa = PBXBuildFile; fileRef = 007010252ACABE3E00FD6736 /* ChangePasswordSuccessVC.swift */; };
		007F190E2AC152BE0022CB24 /* AppDelegate.swift in Sources */ = {isa = PBXBuildFile; fileRef = 007F190D2AC152BE0022CB24 /* AppDelegate.swift */; };
		007F19102AC152BE0022CB24 /* SceneDelegate.swift in Sources */ = {isa = PBXBuildFile; fileRef = 007F190F2AC152BE0022CB24 /* SceneDelegate.swift */; };
		007F19122AC152BE0022CB24 /* ViewController.swift in Sources */ = {isa = PBXBuildFile; fileRef = 007F19112AC152BE0022CB24 /* ViewController.swift */; };
		007F19172AC152BE0022CB24 /* Assets.xcassets in Resources */ = {isa = PBXBuildFile; fileRef = 007F19162AC152BE0022CB24 /* Assets.xcassets */; };
		007F191A2AC152BE0022CB24 /* LaunchScreen.storyboard in Resources */ = {isa = PBXBuildFile; fileRef = 007F19182AC152BE0022CB24 /* LaunchScreen.storyboard */; };
		007F19232AC153170022CB24 /* SignInVC.swift in Sources */ = {isa = PBXBuildFile; fileRef = 007F19222AC153170022CB24 /* SignInVC.swift */; };
		007F19252AC168990022CB24 /* Extension.swift in Sources */ = {isa = PBXBuildFile; fileRef = 007F19242AC168990022CB24 /* Extension.swift */; };
		00E7BEE02AC57D010046BE3F /* SignUpVC1.swift in Sources */ = {isa = PBXBuildFile; fileRef = 00E7BEDF2AC57D010046BE3F /* SignUpVC1.swift */; };
		00E7BEE22AC81B3B0046BE3F /* SignUpSuccessVC.swift in Sources */ = {isa = PBXBuildFile; fileRef = 00E7BEE12AC81B3B0046BE3F /* SignUpSuccessVC.swift */; };
		00E7BEE42AC998DF0046BE3F /* SignUpVC2.swift in Sources */ = {isa = PBXBuildFile; fileRef = 00E7BEE32AC998DF0046BE3F /* SignUpVC2.swift */; };
		00E7BEE62AC998ED0046BE3F /* SignUpVC3.swift in Sources */ = {isa = PBXBuildFile; fileRef = 00E7BEE52AC998ED0046BE3F /* SignUpVC3.swift */; };
/* End PBXBuildFile section */

/* Begin PBXFileReference section */
		004E82162ADC3A0D008229AB /* TabBarController.swift */ = {isa = PBXFileReference; lastKnownFileType = sourcecode.swift; name = TabBarController.swift; path = BEUS/TabBarController.swift; sourceTree = SOURCE_ROOT; };
		004E821C2ADC3C81008229AB /* HomeVC.swift */ = {isa = PBXFileReference; lastKnownFileType = sourcecode.swift; path = HomeVC.swift; sourceTree = "<group>"; };
		004E821E2ADC3CD9008229AB /* MyVideosVC.swift */ = {isa = PBXFileReference; lastKnownFileType = sourcecode.swift; path = MyVideosVC.swift; sourceTree = "<group>"; };
		004E82202ADC3CF0008229AB /* CommunityVC.swift */ = {isa = PBXFileReference; lastKnownFileType = sourcecode.swift; path = CommunityVC.swift; sourceTree = "<group>"; };
		004E82242ADC4878008229AB /* MyPageVC.swift */ = {isa = PBXFileReference; lastKnownFileType = sourcecode.swift; path = MyPageVC.swift; sourceTree = "<group>"; };
		005AFD472B1CB00C0001A034 /* PostVC.swift */ = {isa = PBXFileReference; lastKnownFileType = sourcecode.swift; path = PostVC.swift; sourceTree = "<group>"; };
		005AFD4F2B1CBD170001A034 /* PostTVC.swift */ = {isa = PBXFileReference; lastKnownFileType = sourcecode.swift; path = PostTVC.swift; sourceTree = "<group>"; };
		005AFD532B1CC4F90001A034 /* CustomPostTVC.swift */ = {isa = PBXFileReference; lastKnownFileType = sourcecode.swift; path = CustomPostTVC.swift; sourceTree = "<group>"; };
		005AFD552B1CC5060001A034 /* CustomCommentTVC.swift */ = {isa = PBXFileReference; lastKnownFileType = sourcecode.swift; path = CustomCommentTVC.swift; sourceTree = "<group>"; };
		005AFD572B1CEB670001A034 /* CustomPost.swift */ = {isa = PBXFileReference; lastKnownFileType = sourcecode.swift; path = CustomPost.swift; sourceTree = "<group>"; };
		005AFD592B1CF52C0001A034 /* CustomComment.swift */ = {isa = PBXFileReference; lastKnownFileType = sourcecode.swift; path = CustomComment.swift; sourceTree = "<group>"; };
		007010212ACABDB800FD6736 /* ChangePasswordVC1.swift */ = {isa = PBXFileReference; lastKnownFileType = sourcecode.swift; path = ChangePasswordVC1.swift; sourceTree = "<group>"; };
		007010232ACABE1D00FD6736 /* ChangePasswordVC2.swift */ = {isa = PBXFileReference; lastKnownFileType = sourcecode.swift; path = ChangePasswordVC2.swift; sourceTree = "<group>"; };
		007010252ACABE3E00FD6736 /* ChangePasswordSuccessVC.swift */ = {isa = PBXFileReference; lastKnownFileType = sourcecode.swift; path = ChangePasswordSuccessVC.swift; sourceTree = "<group>"; };
		007F190A2AC152BE0022CB24 /* BEUS.app */ = {isa = PBXFileReference; explicitFileType = wrapper.application; includeInIndex = 0; path = BEUS.app; sourceTree = BUILT_PRODUCTS_DIR; };
		007F190D2AC152BE0022CB24 /* AppDelegate.swift */ = {isa = PBXFileReference; lastKnownFileType = sourcecode.swift; path = AppDelegate.swift; sourceTree = "<group>"; };
		007F190F2AC152BE0022CB24 /* SceneDelegate.swift */ = {isa = PBXFileReference; lastKnownFileType = sourcecode.swift; path = SceneDelegate.swift; sourceTree = "<group>"; };
		007F19112AC152BE0022CB24 /* ViewController.swift */ = {isa = PBXFileReference; lastKnownFileType = sourcecode.swift; path = ViewController.swift; sourceTree = "<group>"; };
		007F19162AC152BE0022CB24 /* Assets.xcassets */ = {isa = PBXFileReference; lastKnownFileType = folder.assetcatalog; path = Assets.xcassets; sourceTree = "<group>"; };
		007F19192AC152BE0022CB24 /* Base */ = {isa = PBXFileReference; lastKnownFileType = file.storyboard; name = Base; path = Base.lproj/LaunchScreen.storyboard; sourceTree = "<group>"; };
		007F191B2AC152BE0022CB24 /* Info.plist */ = {isa = PBXFileReference; lastKnownFileType = text.plist.xml; path = Info.plist; sourceTree = "<group>"; };
		007F19222AC153170022CB24 /* SignInVC.swift */ = {isa = PBXFileReference; lastKnownFileType = sourcecode.swift; path = SignInVC.swift; sourceTree = "<group>"; };
		007F19242AC168990022CB24 /* Extension.swift */ = {isa = PBXFileReference; lastKnownFileType = sourcecode.swift; path = Extension.swift; sourceTree = "<group>"; };
		00E7BEDF2AC57D010046BE3F /* SignUpVC1.swift */ = {isa = PBXFileReference; lastKnownFileType = sourcecode.swift; path = SignUpVC1.swift; sourceTree = "<group>"; };
		00E7BEE12AC81B3B0046BE3F /* SignUpSuccessVC.swift */ = {isa = PBXFileReference; lastKnownFileType = sourcecode.swift; path = SignUpSuccessVC.swift; sourceTree = "<group>"; };
		00E7BEE32AC998DF0046BE3F /* SignUpVC2.swift */ = {isa = PBXFileReference; lastKnownFileType = sourcecode.swift; path = SignUpVC2.swift; sourceTree = "<group>"; };
		00E7BEE52AC998ED0046BE3F /* SignUpVC3.swift */ = {isa = PBXFileReference; lastKnownFileType = sourcecode.swift; path = SignUpVC3.swift; sourceTree = "<group>"; };
/* End PBXFileReference section */

/* Begin PBXFrameworksBuildPhase section */
		007F19072AC152BE0022CB24 /* Frameworks */ = {
			isa = PBXFrameworksBuildPhase;
			buildActionMask = 2147483647;
			files = (
				00420E2C2B0AFD2E005DA91E /* SnapKit in Frameworks */,
				00420E342B0AFF19005DA91E /* Tabman in Frameworks */,
				00420E312B0AFD36005DA91E /* Then in Frameworks */,
				00420E2E2B0AFD2E005DA91E /* SnapKit-Dynamic in Frameworks */,
			);
			runOnlyForDeploymentPostprocessing = 0;
		};
/* End PBXFrameworksBuildPhase section */

/* Begin PBXGroup section */
		004E82182ADC3B8C008229AB /* Home */ = {
			isa = PBXGroup;
			children = (
				004E821C2ADC3C81008229AB /* HomeVC.swift */,
			);
			path = Home;
			sourceTree = "<group>";
		};
		004E82192ADC3B94008229AB /* MyVideos */ = {
			isa = PBXGroup;
			children = (
				004E821E2ADC3CD9008229AB /* MyVideosVC.swift */,
			);
			path = MyVideos;
			sourceTree = "<group>";
		};
		004E821A2ADC3C12008229AB /* Community */ = {
			isa = PBXGroup;
			children = (
				004E82202ADC3CF0008229AB /* CommunityVC.swift */,
				005AFD4F2B1CBD170001A034 /* PostTVC.swift */,
				005AFD472B1CB00C0001A034 /* PostVC.swift */,
				005AFD532B1CC4F90001A034 /* CustomPostTVC.swift */,
				005AFD552B1CC5060001A034 /* CustomCommentTVC.swift */,
				005AFD572B1CEB670001A034 /* CustomPost.swift */,
				005AFD592B1CF52C0001A034 /* CustomComment.swift */,
			);
			path = Community;
			sourceTree = "<group>";
		};
		004E821B2ADC3C22008229AB /* MyPage */ = {
			isa = PBXGroup;
			children = (
				004E82242ADC4878008229AB /* MyPageVC.swift */,
			);
			path = MyPage;
			sourceTree = "<group>";
		};
		007F19012AC152BE0022CB24 = {
			isa = PBXGroup;
			children = (
				007F190C2AC152BE0022CB24 /* BEUS */,
				007F190B2AC152BE0022CB24 /* Products */,
			);
			sourceTree = "<group>";
		};
		007F190B2AC152BE0022CB24 /* Products */ = {
			isa = PBXGroup;
			children = (
				007F190A2AC152BE0022CB24 /* BEUS.app */,
			);
			name = Products;
			sourceTree = "<group>";
		};
		007F190C2AC152BE0022CB24 /* BEUS */ = {
			isa = PBXGroup;
			children = (
				007F19212AC153000022CB24 /* Sign */,
				004E82182ADC3B8C008229AB /* Home */,
				004E82192ADC3B94008229AB /* MyVideos */,
				004E821A2ADC3C12008229AB /* Community */,
				004E821B2ADC3C22008229AB /* MyPage */,
				007F190D2AC152BE0022CB24 /* AppDelegate.swift */,
				007F190F2AC152BE0022CB24 /* SceneDelegate.swift */,
				007F19112AC152BE0022CB24 /* ViewController.swift */,
				004E82162ADC3A0D008229AB /* TabBarController.swift */,
				007F19162AC152BE0022CB24 /* Assets.xcassets */,
				007F19182AC152BE0022CB24 /* LaunchScreen.storyboard */,
				007F191B2AC152BE0022CB24 /* Info.plist */,
				007F19242AC168990022CB24 /* Extension.swift */,
			);
			path = BEUS;
			sourceTree = "<group>";
		};
		007F19212AC153000022CB24 /* Sign */ = {
			isa = PBXGroup;
			children = (
				007F19222AC153170022CB24 /* SignInVC.swift */,
				00E7BEDF2AC57D010046BE3F /* SignUpVC1.swift */,
				00E7BEE32AC998DF0046BE3F /* SignUpVC2.swift */,
				00E7BEE52AC998ED0046BE3F /* SignUpVC3.swift */,
				00E7BEE12AC81B3B0046BE3F /* SignUpSuccessVC.swift */,
				007010212ACABDB800FD6736 /* ChangePasswordVC1.swift */,
				007010232ACABE1D00FD6736 /* ChangePasswordVC2.swift */,
				007010252ACABE3E00FD6736 /* ChangePasswordSuccessVC.swift */,
			);
			path = Sign;
			sourceTree = "<group>";
		};
/* End PBXGroup section */

/* Begin PBXNativeTarget section */
		007F19092AC152BE0022CB24 /* BEUS */ = {
			isa = PBXNativeTarget;
			buildConfigurationList = 007F191E2AC152BE0022CB24 /* Build configuration list for PBXNativeTarget "BEUS" */;
			buildPhases = (
				007F19062AC152BE0022CB24 /* Sources */,
				007F19072AC152BE0022CB24 /* Frameworks */,
				007F19082AC152BE0022CB24 /* Resources */,
			);
			buildRules = (
			);
			dependencies = (
			);
			name = BEUS;
			packageProductDependencies = (
				00420E2B2B0AFD2E005DA91E /* SnapKit */,
				00420E2D2B0AFD2E005DA91E /* SnapKit-Dynamic */,
				00420E302B0AFD36005DA91E /* Then */,
				00420E332B0AFF19005DA91E /* Tabman */,
			);
			productName = BEUS;
			productReference = 007F190A2AC152BE0022CB24 /* BEUS.app */;
			productType = "com.apple.product-type.application";
		};
/* End PBXNativeTarget section */

/* Begin PBXProject section */
		007F19022AC152BE0022CB24 /* Project object */ = {
			isa = PBXProject;
			attributes = {
				BuildIndependentTargetsInParallel = 1;
				LastSwiftUpdateCheck = 1430;
				LastUpgradeCheck = 1430;
				TargetAttributes = {
					007F19092AC152BE0022CB24 = {
						CreatedOnToolsVersion = 14.3.1;
					};
				};
			};
			buildConfigurationList = 007F19052AC152BE0022CB24 /* Build configuration list for PBXProject "BEUS" */;
			compatibilityVersion = "Xcode 14.0";
			developmentRegion = en;
			hasScannedForEncodings = 0;
			knownRegions = (
				en,
				Base,
			);
			mainGroup = 007F19012AC152BE0022CB24;
			packageReferences = (
				00420E2A2B0AFD2E005DA91E /* XCRemoteSwiftPackageReference "SnapKit" */,
				00420E2F2B0AFD36005DA91E /* XCRemoteSwiftPackageReference "Then" */,
				00420E322B0AFF19005DA91E /* XCRemoteSwiftPackageReference "Tabman" */,
			);
			productRefGroup = 007F190B2AC152BE0022CB24 /* Products */;
			projectDirPath = "";
			projectRoot = "";
			targets = (
				007F19092AC152BE0022CB24 /* BEUS */,
			);
		};
/* End PBXProject section */

/* Begin PBXResourcesBuildPhase section */
		007F19082AC152BE0022CB24 /* Resources */ = {
			isa = PBXResourcesBuildPhase;
			buildActionMask = 2147483647;
			files = (
				007F191A2AC152BE0022CB24 /* LaunchScreen.storyboard in Resources */,
				007F19172AC152BE0022CB24 /* Assets.xcassets in Resources */,
			);
			runOnlyForDeploymentPostprocessing = 0;
		};
/* End PBXResourcesBuildPhase section */

/* Begin PBXSourcesBuildPhase section */
		007F19062AC152BE0022CB24 /* Sources */ = {
			isa = PBXSourcesBuildPhase;
			buildActionMask = 2147483647;
			files = (
				005AFD562B1CC5060001A034 /* CustomCommentTVC.swift in Sources */,
				004E82252ADC4878008229AB /* MyPageVC.swift in Sources */,
				007010262ACABE3E00FD6736 /* ChangePasswordSuccessVC.swift in Sources */,
				004E821D2ADC3C81008229AB /* HomeVC.swift in Sources */,
				005AFD502B1CBD170001A034 /* PostTVC.swift in Sources */,
				004E82172ADC3A0D008229AB /* TabBarController.swift in Sources */,
				007F19252AC168990022CB24 /* Extension.swift in Sources */,
				007F19122AC152BE0022CB24 /* ViewController.swift in Sources */,
				007010242ACABE1D00FD6736 /* ChangePasswordVC2.swift in Sources */,
				007010222ACABDB800FD6736 /* ChangePasswordVC1.swift in Sources */,
				007F190E2AC152BE0022CB24 /* AppDelegate.swift in Sources */,
				00E7BEE42AC998DF0046BE3F /* SignUpVC2.swift in Sources */,
				005AFD582B1CEB670001A034 /* CustomPost.swift in Sources */,
				007F19232AC153170022CB24 /* SignInVC.swift in Sources */,
				004E82212ADC3CF0008229AB /* CommunityVC.swift in Sources */,
				005AFD482B1CB00C0001A034 /* PostVC.swift in Sources */,
				00E7BEE62AC998ED0046BE3F /* SignUpVC3.swift in Sources */,
				00E7BEE22AC81B3B0046BE3F /* SignUpSuccessVC.swift in Sources */,
				005AFD542B1CC4F90001A034 /* CustomPostTVC.swift in Sources */,
				005AFD5A2B1CF52C0001A034 /* CustomComment.swift in Sources */,
				00E7BEE02AC57D010046BE3F /* SignUpVC1.swift in Sources */,
				007F19102AC152BE0022CB24 /* SceneDelegate.swift in Sources */,
				004E821F2ADC3CD9008229AB /* MyVideosVC.swift in Sources */,
			);
			runOnlyForDeploymentPostprocessing = 0;
		};
/* End PBXSourcesBuildPhase section */

/* Begin PBXVariantGroup section */
		007F19182AC152BE0022CB24 /* LaunchScreen.storyboard */ = {
			isa = PBXVariantGroup;
			children = (
				007F19192AC152BE0022CB24 /* Base */,
			);
			name = LaunchScreen.storyboard;
			sourceTree = "<group>";
		};
/* End PBXVariantGroup section */

/* Begin XCBuildConfiguration section */
		007F191C2AC152BE0022CB24 /* Debug */ = {
			isa = XCBuildConfiguration;
			buildSettings = {
				ALWAYS_SEARCH_USER_PATHS = NO;
				CLANG_ANALYZER_NONNULL = YES;
				CLANG_ANALYZER_NUMBER_OBJECT_CONVERSION = YES_AGGRESSIVE;
				CLANG_CXX_LANGUAGE_STANDARD = "gnu++20";
				CLANG_ENABLE_MODULES = YES;
				CLANG_ENABLE_OBJC_ARC = YES;
				CLANG_ENABLE_OBJC_WEAK = YES;
				CLANG_WARN_BLOCK_CAPTURE_AUTORELEASING = YES;
				CLANG_WARN_BOOL_CONVERSION = YES;
				CLANG_WARN_COMMA = YES;
				CLANG_WARN_CONSTANT_CONVERSION = YES;
				CLANG_WARN_DEPRECATED_OBJC_IMPLEMENTATIONS = YES;
				CLANG_WARN_DIRECT_OBJC_ISA_USAGE = YES_ERROR;
				CLANG_WARN_DOCUMENTATION_COMMENTS = YES;
				CLANG_WARN_EMPTY_BODY = YES;
				CLANG_WARN_ENUM_CONVERSION = YES;
				CLANG_WARN_INFINITE_RECURSION = YES;
				CLANG_WARN_INT_CONVERSION = YES;
				CLANG_WARN_NON_LITERAL_NULL_CONVERSION = YES;
				CLANG_WARN_OBJC_IMPLICIT_RETAIN_SELF = YES;
				CLANG_WARN_OBJC_LITERAL_CONVERSION = YES;
				CLANG_WARN_OBJC_ROOT_CLASS = YES_ERROR;
				CLANG_WARN_QUOTED_INCLUDE_IN_FRAMEWORK_HEADER = YES;
				CLANG_WARN_RANGE_LOOP_ANALYSIS = YES;
				CLANG_WARN_STRICT_PROTOTYPES = YES;
				CLANG_WARN_SUSPICIOUS_MOVE = YES;
				CLANG_WARN_UNGUARDED_AVAILABILITY = YES_AGGRESSIVE;
				CLANG_WARN_UNREACHABLE_CODE = YES;
				CLANG_WARN__DUPLICATE_METHOD_MATCH = YES;
				COPY_PHASE_STRIP = NO;
				DEBUG_INFORMATION_FORMAT = dwarf;
				ENABLE_STRICT_OBJC_MSGSEND = YES;
				ENABLE_TESTABILITY = YES;
				GCC_C_LANGUAGE_STANDARD = gnu11;
				GCC_DYNAMIC_NO_PIC = NO;
				GCC_NO_COMMON_BLOCKS = YES;
				GCC_OPTIMIZATION_LEVEL = 0;
				GCC_PREPROCESSOR_DEFINITIONS = (
					"DEBUG=1",
					"$(inherited)",
				);
				GCC_WARN_64_TO_32_BIT_CONVERSION = YES;
				GCC_WARN_ABOUT_RETURN_TYPE = YES_ERROR;
				GCC_WARN_UNDECLARED_SELECTOR = YES;
				GCC_WARN_UNINITIALIZED_AUTOS = YES_AGGRESSIVE;
				GCC_WARN_UNUSED_FUNCTION = YES;
				GCC_WARN_UNUSED_VARIABLE = YES;
				IPHONEOS_DEPLOYMENT_TARGET = 16.4;
				MTL_ENABLE_DEBUG_INFO = INCLUDE_SOURCE;
				MTL_FAST_MATH = YES;
				ONLY_ACTIVE_ARCH = YES;
				SDKROOT = iphoneos;
				SWIFT_ACTIVE_COMPILATION_CONDITIONS = DEBUG;
				SWIFT_OPTIMIZATION_LEVEL = "-Onone";
			};
			name = Debug;
		};
		007F191D2AC152BE0022CB24 /* Release */ = {
			isa = XCBuildConfiguration;
			buildSettings = {
				ALWAYS_SEARCH_USER_PATHS = NO;
				CLANG_ANALYZER_NONNULL = YES;
				CLANG_ANALYZER_NUMBER_OBJECT_CONVERSION = YES_AGGRESSIVE;
				CLANG_CXX_LANGUAGE_STANDARD = "gnu++20";
				CLANG_ENABLE_MODULES = YES;
				CLANG_ENABLE_OBJC_ARC = YES;
				CLANG_ENABLE_OBJC_WEAK = YES;
				CLANG_WARN_BLOCK_CAPTURE_AUTORELEASING = YES;
				CLANG_WARN_BOOL_CONVERSION = YES;
				CLANG_WARN_COMMA = YES;
				CLANG_WARN_CONSTANT_CONVERSION = YES;
				CLANG_WARN_DEPRECATED_OBJC_IMPLEMENTATIONS = YES;
				CLANG_WARN_DIRECT_OBJC_ISA_USAGE = YES_ERROR;
				CLANG_WARN_DOCUMENTATION_COMMENTS = YES;
				CLANG_WARN_EMPTY_BODY = YES;
				CLANG_WARN_ENUM_CONVERSION = YES;
				CLANG_WARN_INFINITE_RECURSION = YES;
				CLANG_WARN_INT_CONVERSION = YES;
				CLANG_WARN_NON_LITERAL_NULL_CONVERSION = YES;
				CLANG_WARN_OBJC_IMPLICIT_RETAIN_SELF = YES;
				CLANG_WARN_OBJC_LITERAL_CONVERSION = YES;
				CLANG_WARN_OBJC_ROOT_CLASS = YES_ERROR;
				CLANG_WARN_QUOTED_INCLUDE_IN_FRAMEWORK_HEADER = YES;
				CLANG_WARN_RANGE_LOOP_ANALYSIS = YES;
				CLANG_WARN_STRICT_PROTOTYPES = YES;
				CLANG_WARN_SUSPICIOUS_MOVE = YES;
				CLANG_WARN_UNGUARDED_AVAILABILITY = YES_AGGRESSIVE;
				CLANG_WARN_UNREACHABLE_CODE = YES;
				CLANG_WARN__DUPLICATE_METHOD_MATCH = YES;
				COPY_PHASE_STRIP = NO;
				DEBUG_INFORMATION_FORMAT = "dwarf-with-dsym";
				ENABLE_NS_ASSERTIONS = NO;
				ENABLE_STRICT_OBJC_MSGSEND = YES;
				GCC_C_LANGUAGE_STANDARD = gnu11;
				GCC_NO_COMMON_BLOCKS = YES;
				GCC_WARN_64_TO_32_BIT_CONVERSION = YES;
				GCC_WARN_ABOUT_RETURN_TYPE = YES_ERROR;
				GCC_WARN_UNDECLARED_SELECTOR = YES;
				GCC_WARN_UNINITIALIZED_AUTOS = YES_AGGRESSIVE;
				GCC_WARN_UNUSED_FUNCTION = YES;
				GCC_WARN_UNUSED_VARIABLE = YES;
				IPHONEOS_DEPLOYMENT_TARGET = 16.4;
				MTL_ENABLE_DEBUG_INFO = NO;
				MTL_FAST_MATH = YES;
				SDKROOT = iphoneos;
				SWIFT_COMPILATION_MODE = wholemodule;
				SWIFT_OPTIMIZATION_LEVEL = "-O";
				VALIDATE_PRODUCT = YES;
			};
			name = Release;
		};
		007F191F2AC152BE0022CB24 /* Debug */ = {
			isa = XCBuildConfiguration;
			buildSettings = {
				ASSETCATALOG_COMPILER_APPICON_NAME = AppIcon;
				ASSETCATALOG_COMPILER_GLOBAL_ACCENT_COLOR_NAME = AccentColor;
				CODE_SIGN_STYLE = Automatic;
				CURRENT_PROJECT_VERSION = 1;
				DEVELOPMENT_TEAM = MR2VBKY7CB;
				GENERATE_INFOPLIST_FILE = YES;
				INFOPLIST_FILE = BEUS/Info.plist;
				INFOPLIST_KEY_UIApplicationSupportsIndirectInputEvents = YES;
				INFOPLIST_KEY_UILaunchStoryboardName = LaunchScreen;
				INFOPLIST_KEY_UISupportedInterfaceOrientations = UIInterfaceOrientationPortrait;
				LD_RUNPATH_SEARCH_PATHS = (
					"$(inherited)",
					"@executable_path/Frameworks",
				);
				MARKETING_VERSION = 1.0;
				PRODUCT_BUNDLE_IDENTIFIER = com.timotheekim.BEUS;
				PRODUCT_NAME = "$(TARGET_NAME)";
				SWIFT_EMIT_LOC_STRINGS = YES;
				SWIFT_VERSION = 5.0;
				TARGETED_DEVICE_FAMILY = "1,2";
			};
			name = Debug;
		};
		007F19202AC152BE0022CB24 /* Release */ = {
			isa = XCBuildConfiguration;
			buildSettings = {
				ASSETCATALOG_COMPILER_APPICON_NAME = AppIcon;
				ASSETCATALOG_COMPILER_GLOBAL_ACCENT_COLOR_NAME = AccentColor;
				CODE_SIGN_STYLE = Automatic;
				CURRENT_PROJECT_VERSION = 1;
				DEVELOPMENT_TEAM = MR2VBKY7CB;
				GENERATE_INFOPLIST_FILE = YES;
				INFOPLIST_FILE = BEUS/Info.plist;
				INFOPLIST_KEY_UIApplicationSupportsIndirectInputEvents = YES;
				INFOPLIST_KEY_UILaunchStoryboardName = LaunchScreen;
				INFOPLIST_KEY_UISupportedInterfaceOrientations = UIInterfaceOrientationPortrait;
				LD_RUNPATH_SEARCH_PATHS = (
					"$(inherited)",
					"@executable_path/Frameworks",
				);
				MARKETING_VERSION = 1.0;
				PRODUCT_BUNDLE_IDENTIFIER = com.timotheekim.BEUS;
				PRODUCT_NAME = "$(TARGET_NAME)";
				SWIFT_EMIT_LOC_STRINGS = YES;
				SWIFT_VERSION = 5.0;
				TARGETED_DEVICE_FAMILY = "1,2";
			};
			name = Release;
		};
/* End XCBuildConfiguration section */

/* Begin XCConfigurationList section */
		007F19052AC152BE0022CB24 /* Build configuration list for PBXProject "BEUS" */ = {
			isa = XCConfigurationList;
			buildConfigurations = (
				007F191C2AC152BE0022CB24 /* Debug */,
				007F191D2AC152BE0022CB24 /* Release */,
			);
			defaultConfigurationIsVisible = 0;
			defaultConfigurationName = Release;
		};
		007F191E2AC152BE0022CB24 /* Build configuration list for PBXNativeTarget "BEUS" */ = {
			isa = XCConfigurationList;
			buildConfigurations = (
				007F191F2AC152BE0022CB24 /* Debug */,
				007F19202AC152BE0022CB24 /* Release */,
			);
			defaultConfigurationIsVisible = 0;
			defaultConfigurationName = Release;
		};
/* End XCConfigurationList section */

/* Begin XCRemoteSwiftPackageReference section */
		00420E2A2B0AFD2E005DA91E /* XCRemoteSwiftPackageReference "SnapKit" */ = {
			isa = XCRemoteSwiftPackageReference;
			repositoryURL = "https://github.com/SnapKit/SnapKit";
			requirement = {
				kind = upToNextMajorVersion;
				minimumVersion = 5.6.0;
			};
		};
		00420E2F2B0AFD36005DA91E /* XCRemoteSwiftPackageReference "Then" */ = {
			isa = XCRemoteSwiftPackageReference;
			repositoryURL = "https://github.com/devxoul/Then";
			requirement = {
				kind = upToNextMajorVersion;
				minimumVersion = 3.0.0;
			};
		};
		00420E322B0AFF19005DA91E /* XCRemoteSwiftPackageReference "Tabman" */ = {
			isa = XCRemoteSwiftPackageReference;
			repositoryURL = "https://github.com/uias/Tabman";
			requirement = {
				kind = upToNextMajorVersion;
				minimumVersion = 3.0.2;
			};
		};
/* End XCRemoteSwiftPackageReference section */

/* Begin XCSwiftPackageProductDependency section */
		00420E2B2B0AFD2E005DA91E /* SnapKit */ = {
			isa = XCSwiftPackageProductDependency;
			package = 00420E2A2B0AFD2E005DA91E /* XCRemoteSwiftPackageReference "SnapKit" */;
			productName = SnapKit;
		};
		00420E2D2B0AFD2E005DA91E /* SnapKit-Dynamic */ = {
			isa = XCSwiftPackageProductDependency;
			package = 00420E2A2B0AFD2E005DA91E /* XCRemoteSwiftPackageReference "SnapKit" */;
			productName = "SnapKit-Dynamic";
		};
		00420E302B0AFD36005DA91E /* Then */ = {
			isa = XCSwiftPackageProductDependency;
			package = 00420E2F2B0AFD36005DA91E /* XCRemoteSwiftPackageReference "Then" */;
			productName = Then;
		};
		00420E332B0AFF19005DA91E /* Tabman */ = {
			isa = XCSwiftPackageProductDependency;
			package = 00420E322B0AFF19005DA91E /* XCRemoteSwiftPackageReference "Tabman" */;
			productName = Tabman;
		};
/* End XCSwiftPackageProductDependency section */
	};
	rootObject = 007F19022AC152BE0022CB24 /* Project object */;
}
